
Microsoft Visual Studio Solution File, Format Version 12.00
# Visual Studio 15
VisualStudioVersion = 15.0.27428.1
MinimumVisualStudioVersion = 10.0.40219.1
Project("{E24C65DC-7377-472B-9ABA-BC803B73C61A}") = "FIFAWeb", "FIFAWeb\", "{CAE6C5D8-5647-434E-805C-1B1F8D021700}"
	ProjectSection(WebsiteProperties) = preProject
		TargetFrameworkMoniker = ".NETFramework,Version%3Dv4.6.1"
		Debug.AspNetCompiler.VirtualPath = "/localhost_49920"
		Debug.AspNetCompiler.PhysicalPath = "FIFAWeb\"
		Debug.AspNetCompiler.TargetPath = "PrecompiledWeb\localhost_49920\"
		Debug.AspNetCompiler.Updateable = "true"
		Debug.AspNetCompiler.ForceOverwrite = "true"
		Debug.AspNetCompiler.FixedNames = "false"
		Debug.AspNetCompiler.Debug = "True"
		Release.AspNetCompiler.VirtualPath = "/localhost_49920"
		Release.AspNetCompiler.PhysicalPath = "FIFAWeb\"
		Release.AspNetCompiler.TargetPath = "PrecompiledWeb\localhost_49920\"
		Release.AspNetCompiler.Updateable = "true"
		Release.AspNetCompiler.ForceOverwrite = "true"
		Release.AspNetCompiler.FixedNames = "false"
		Release.AspNetCompiler.Debug = "False"
		VWDPort = "49920"
		SlnRelativePath = "FIFAWeb\"
		DefaultWebSiteLanguage = "Visual C#"
	EndProjectSection
EndProject
Global
	GlobalSection(SolutionConfigurationPlatforms) = preSolution
		Debug|Any CPU = Debug|Any CPU
	EndGlobalSection
	GlobalSection(ProjectConfigurationPlatforms) = postSolution
		{CAE6C5D8-5647-434E-805C-1B1F8D021700}.Debug|Any CPU.ActiveCfg = Debug|Any CPU
		{CAE6C5D8-5647-434E-805C-1B1F8D021700}.Debug|Any CPU.Build.0 = Debug|Any CPU
	EndGlobalSection
	GlobalSection(SolutionProperties) = preSolution
		HideSolutionNode = FALSE
	EndGlobalSection
	GlobalSection(ExtensibilityGlobals) = postSolution
		SolutionGuid = {F924B87E-A307-47E6-B47A-505DB9927E06}
	EndGlobalSection
EndGlobal
